<Solution>
  <Folder Name="/src/">
    <Project Path="src/CareFlow.Application.Common/CareFlow.Application.Common.csproj" />
    <Project Path="src/CareFlow.Core/CareFlow.Core.csproj" />
    <Project Path="src/CareFlow.Infrastructure/CareFlow.Infrastructure.csproj" />
    <Project Path="src/CareFlow.WebApi/CareFlow.WebApi.csproj" />
  </Folder>
  <Folder Name="/tests/">
    <Project Path="tests/CareFlow.Tests/CareFlow.Tests.csproj" />
  </Folder>
</Solution>
